<Solution>
  <Folder Name="/Solution/">
    <File Path=".editorconfig" />
    <File Path=".github\workflows\build.yml" />
    <File Path=".github\workflows\sync-skills.yml" />
    <File Path="build.slnf" />
    <File Path="Directory.build.props" />
    <File Path="Directory.packages.props" />
    <File Path="global.json" />
    <File Path="LICENSE" />
    <File Path="nuget.config" />
    <File Path="nuget.txt" />
    <File Path="readme.md" />
    <File Path="version.json" />
    <File Path="skills\shiny-obd\SKILL.md" />
  </Folder>
  <Project Path="src/Shiny.Obd/Shiny.Obd.csproj" />
  <Project Path="src/Shiny.Obd.Ble/Shiny.Obd.Ble.csproj" />
  <Project Path="tests/Shiny.Obd.Tests/Shiny.Obd.Tests.csproj" />
  <Project Path="samples/Sample.Maui/Sample.Maui.csproj" />
</Solution>
